// !$*UTF8*$!
{
	archiveVersion = 1;
	classes = {
	};
	objectVersion = 46;
	objects = {

/* Begin PBXBuildFile section */
		3D2EFC8A18E8C17D007D4A5E /* Foundation.framework in Frameworks */ = {isa = PBXBuildFile; fileRef = 3D2EFC8918E8C17D007D4A5E /* Foundation.framework */; };
		3D2EFC8C18E8C17D007D4A5E /* CoreGraphics.framework in Frameworks */ = {isa = PBXBuildFile; fileRef = 3D2EFC8B18E8C17D007D4A5E /* CoreGraphics.framework */; };
		3D2EFC8E18E8C17D007D4A5E /* UIKit.framework in Frameworks */ = {isa = PBXBuildFile; fileRef = 3D2EFC8D18E8C17D007D4A5E /* UIKit.framework */; };
		3D2EFC9418E8C17E007D4A5E /* InfoPlist.strings in Resources */ = {isa = PBXBuildFile; fileRef = 3D2EFC9218E8C17E007D4A5E /* InfoPlist.strings */; };
		3D2EFC9618E8C17E007D4A5E /* main.m in Sources */ = {isa = PBXBuildFile; fileRef = 3D2EFC9518E8C17E007D4A5E /* main.m */; };
		3D2EFC9A18E8C17E007D4A5E /* K2AppDelegate.m in Sources */ = {isa = PBXBuildFile; fileRef = 3D2EFC9918E8C17E007D4A5E /* K2AppDelegate.m */; };
		3D2EFC9C18E8C17E007D4A5E /* Images.xcassets in Resources */ = {isa = PBXBuildFile; fileRef = 3D2EFC9B18E8C17E007D4A5E /* Images.xcassets */; };
		3D2EFCA318E8C17E007D4A5E /* XCTest.framework in Frameworks */ = {isa = PBXBuildFile; fileRef = 3D2EFCA218E8C17E007D4A5E /* XCTest.framework */; };
		3D2EFCA418E8C17E007D4A5E /* Foundation.framework in Frameworks */ = {isa = PBXBuildFile; fileRef = 3D2EFC8918E8C17D007D4A5E /* Foundation.framework */; };
		3D2EFCA518E8C17E007D4A5E /* UIKit.framework in Frameworks */ = {isa = PBXBuildFile; fileRef = 3D2EFC8D18E8C17D007D4A5E /* UIKit.framework */; };
		3D2EFCAD18E8C17E007D4A5E /* InfoPlist.strings in Resources */ = {isa = PBXBuildFile; fileRef = 3D2EFCAB18E8C17E007D4A5E /* InfoPlist.strings */; };
		3D2EFCAF18E8C17E007D4A5E /* TwentyFourtyEightTests.m in Sources */ = {isa = PBXBuildFile; fileRef = 3D2EFCAE18E8C17E007D4A5E /* TwentyFourtyEightTests.m */; };
/* End PBXBuildFile section */

/* Begin PBXContainerItemProxy section */
		3D2EFCA618E8C17E007D4A5E /* PBXContainerItemProxy */ = {
			isa = PBXContainerItemProxy;
			containerPortal = 3D2EFC7E18E8C17D007D4A5E /* Project object */;
			proxyType = 1;
			remoteGlobalIDString = 3D2EFC8518E8C17D007D4A5E;
			remoteInfo = TwentyFourtyEight;
		};
/* End PBXContainerItemProxy section */

/* Begin PBXFileReference section */
		3D2EFC8618E8C17D007D4A5E /* TwentyFourtyEight.app */ = {isa = PBXFileReference; explicitFileType = wrapper.application; includeInIndex = 0; path = TwentyFourtyEight.app; sourceTree = BUILT_PRODUCTS_DIR; };
		3D2EFC8918E8C17D007D4A5E /* Foundation.framework */ = {isa = PBXFileReference; lastKnownFileType = wrapper.framework; name = Foundation.framework; path = System/Library/Frameworks/Foundation.framework; sourceTree = SDKROOT; };
		3D2EFC8B18E8C17D007D4A5E /* CoreGraphics.framework */ = {isa = PBXFileReference; lastKnownFileType = wrapper.framework; name = CoreGraphics.framework; path = System/Library/Frameworks/CoreGraphics.framework; sourceTree = SDKROOT; };
		3D2EFC8D18E8C17D007D4A5E /* UIKit.framework */ = {isa = PBXFileReference; lastKnownFileType = wrapper.framework; name = UIKit.framework; path = System/Library/Frameworks/UIKit.framework; sourceTree = SDKROOT; };
		3D2EFC9118E8C17E007D4A5E /* TwentyFourtyEight-Info.plist */ = {isa = PBXFileReference; lastKnownFileType = text.plist.xml; path = "TwentyFourtyEight-Info.plist"; sourceTree = "<group>"; };
		3D2EFC9318E8C17E007D4A5E /* en */ = {isa = PBXFileReference; lastKnownFileType = text.plist.strings; name = en; path = en.lproj/InfoPlist.strings; sourceTree = "<group>"; };
		3D2EFC9518E8C17E007D4A5E /* main.m */ = {isa = PBXFileReference; lastKnownFileType = sourcecode.c.objc; path = main.m; sourceTree = "<group>"; };
		3D2EFC9718E8C17E007D4A5E /* TwentyFourtyEight-Prefix.pch */ = {isa = PBXFileReference; lastKnownFileType = sourcecode.c.h; path = "TwentyFourtyEight-Prefix.pch"; sourceTree = "<group>"; };
		3D2EFC9818E8C17E007D4A5E /* K2AppDelegate.h */ = {isa = PBXFileReference; lastKnownFileType = sourcecode.c.h; path = K2AppDelegate.h; sourceTree = "<group>"; };
		3D2EFC9918E8C17E007D4A5E /* K2AppDelegate.m */ = {isa = PBXFileReference; lastKnownFileType = sourcecode.c.objc; path = K2AppDelegate.m; sourceTree = "<group>"; };
		3D2EFC9B18E8C17E007D4A5E /* Images.xcassets */ = {isa = PBXFileReference; lastKnownFileType = folder.assetcatalog; path = Images.xcassets; sourceTree = "<group>"; };
		3D2EFCA118E8C17E007D4A5E /* TwentyFourtyEightTests.xctest */ = {isa = PBXFileReference; explicitFileType = wrapper.cfbundle; includeInIndex = 0; path = TwentyFourtyEightTests.xctest; sourceTree = BUILT_PRODUCTS_DIR; };
		3D2EFCA218E8C17E007D4A5E /* XCTest.framework */ = {isa = PBXFileReference; lastKnownFileType = wrapper.framework; name = XCTest.framework; path = Library/Frameworks/XCTest.framework; sourceTree = DEVELOPER_DIR; };
		3D2EFCAA18E8C17E007D4A5E /* TwentyFourtyEightTests-Info.plist */ = {isa = PBXFileReference; lastKnownFileType = text.plist.xml; path = "TwentyFourtyEightTests-Info.plist"; sourceTree = "<group>"; };
		3D2EFCAC18E8C17E007D4A5E /* en */ = {isa = PBXFileReference; lastKnownFileType = text.plist.strings; name = en; path = en.lproj/InfoPlist.strings; sourceTree = "<group>"; };
		3D2EFCAE18E8C17E007D4A5E /* TwentyFourtyEightTests.m */ = {isa = PBXFileReference; lastKnownFileType = sourcecode.c.objc; path = TwentyFourtyEightTests.m; sourceTree = "<group>"; };
/* End PBXFileReference section */

/* Begin PBXFrameworksBuildPhase section */
		3D2EFC8318E8C17D007D4A5E /* Frameworks */ = {
			isa = PBXFrameworksBuildPhase;
			buildActionMask = 2147483647;
			files = (
				3D2EFC8C18E8C17D007D4A5E /* CoreGraphics.framework in Frameworks */,
				3D2EFC8E18E8C17D007D4A5E /* UIKit.framework in Frameworks */,
				3D2EFC8A18E8C17D007D4A5E /* Foundation.framework in Frameworks */,
			);
			runOnlyForDeploymentPostprocessing = 0;
		};
		3D2EFC9E18E8C17E007D4A5E /* Frameworks */ = {
			isa = PBXFrameworksBuildPhase;
			buildActionMask = 2147483647;
			files = (
				3D2EFCA318E8C17E007D4A5E /* XCTest.framework in Frameworks */,
				3D2EFCA518E8C17E007D4A5E /* UIKit.framework in Frameworks */,
				3D2EFCA418E8C17E007D4A5E /* Foundation.framework in Frameworks */,
			);
			runOnlyForDeploymentPostprocessing = 0;
		};
/* End PBXFrameworksBuildPhase section */

/* Begin PBXGroup section */
		3D2EFC7D18E8C17D007D4A5E = {
			isa = PBXGroup;
			children = (
				3D2EFC8F18E8C17D007D4A5E /* TwentyFourtyEight */,
				3D2EFCA818E8C17E007D4A5E /* TwentyFourtyEightTests */,
				3D2EFC8818E8C17D007D4A5E /* Frameworks */,
				3D2EFC8718E8C17D007D4A5E /* Products */,
			);
			sourceTree = "<group>";
		};
		3D2EFC8718E8C17D007D4A5E /* Products */ = {
			isa = PBXGroup;
			children = (
				3D2EFC8618E8C17D007D4A5E /* TwentyFourtyEight.app */,
				3D2EFCA118E8C17E007D4A5E /* TwentyFourtyEightTests.xctest */,
			);
			name = Products;
			sourceTree = "<group>";
		};
		3D2EFC8818E8C17D007D4A5E /* Frameworks */ = {
			isa = PBXGroup;
			children = (
				3D2EFC8918E8C17D007D4A5E /* Foundation.framework */,
				3D2EFC8B18E8C17D007D4A5E /* CoreGraphics.framework */,
				3D2EFC8D18E8C17D007D4A5E /* UIKit.framework */,
				3D2EFCA218E8C17E007D4A5E /* XCTest.framework */,
			);
			name = Frameworks;
			sourceTree = "<group>";
		};
		3D2EFC8F18E8C17D007D4A5E /* TwentyFourtyEight */ = {
			isa = PBXGroup;
			children = (
				3D2EFC9818E8C17E007D4A5E /* K2AppDelegate.h */,
				3D2EFC9918E8C17E007D4A5E /* K2AppDelegate.m */,
				3D2EFC9B18E8C17E007D4A5E /* Images.xcassets */,
				3D2EFC9018E8C17E007D4A5E /* Supporting Files */,
			);
			path = TwentyFourtyEight;
			sourceTree = "<group>";
		};
		3D2EFC9018E8C17E007D4A5E /* Supporting Files */ = {
			isa = PBXGroup;
			children = (
				3D2EFC9118E8C17E007D4A5E /* TwentyFourtyEight-Info.plist */,
				3D2EFC9218E8C17E007D4A5E /* InfoPlist.strings */,
				3D2EFC9518E8C17E007D4A5E /* main.m */,
				3D2EFC9718E8C17E007D4A5E /* TwentyFourtyEight-Prefix.pch */,
			);
			name = "Supporting Files";
			sourceTree = "<group>";
		};
		3D2EFCA818E8C17E007D4A5E /* TwentyFourtyEightTests */ = {
			isa = PBXGroup;
			children = (
				3D2EFCAE18E8C17E007D4A5E /* TwentyFourtyEightTests.m */,
				3D2EFCA918E8C17E007D4A5E /* Supporting Files */,
			);
			path = TwentyFourtyEightTests;
			sourceTree = "<group>";
		};
		3D2EFCA918E8C17E007D4A5E /* Supporting Files */ = {
			isa = PBXGroup;
			children = (
				3D2EFCAA18E8C17E007D4A5E /* TwentyFourtyEightTests-Info.plist */,
				3D2EFCAB18E8C17E007D4A5E /* InfoPlist.strings */,
			);
			name = "Supporting Files";
			sourceTree = "<group>";
		};
/* End PBXGroup section */

/* Begin PBXNativeTarget section */
		3D2EFC8518E8C17D007D4A5E /* TwentyFourtyEight */ = {
			isa = PBXNativeTarget;
			buildConfigurationList = 3D2EFCB218E8C17E007D4A5E /* Build configuration list for PBXNativeTarget "TwentyFourtyEight" */;
			buildPhases = (
				3D2EFC8218E8C17D007D4A5E /* Sources */,
				3D2EFC8318E8C17D007D4A5E /* Frameworks */,
				3D2EFC8418E8C17D007D4A5E /* Resources */,
			);
			buildRules = (
			);
			dependencies = (
			);
			name = TwentyFourtyEight;
			productName = TwentyFourtyEight;
			productReference = 3D2EFC8618E8C17D007D4A5E /* TwentyFourtyEight.app */;
			productType = "com.apple.product-type.application";
		};
		3D2EFCA018E8C17E007D4A5E /* TwentyFourtyEightTests */ = {
			isa = PBXNativeTarget;
			buildConfigurationList = 3D2EFCB518E8C17E007D4A5E /* Build configuration list for PBXNativeTarget "TwentyFourtyEightTests" */;
			buildPhases = (
				3D2EFC9D18E8C17E007D4A5E /* Sources */,
				3D2EFC9E18E8C17E007D4A5E /* Frameworks */,
				3D2EFC9F18E8C17E007D4A5E /* Resources */,
			);
			buildRules = (
			);
			dependencies = (
				3D2EFCA718E8C17E007D4A5E /* PBXTargetDependency */,
			);
			name = TwentyFourtyEightTests;
			productName = TwentyFourtyEightTests;
			productReference = 3D2EFCA118E8C17E007D4A5E /* TwentyFourtyEightTests.xctest */;
			productType = "com.apple.product-type.bundle.unit-test";
		};
/* End PBXNativeTarget section */

/* Begin PBXProject section */
		3D2EFC7E18E8C17D007D4A5E /* Project object */ = {
			isa = PBXProject;
			attributes = {
				CLASSPREFIX = K2;
				LastUpgradeCheck = 0510;
				ORGANIZATIONNAME = "William Green";
				TargetAttributes = {
					3D2EFCA018E8C17E007D4A5E = {
						TestTargetID = 3D2EFC8518E8C17D007D4A5E;
					};
				};
			};
			buildConfigurationList = 3D2EFC8118E8C17D007D4A5E /* Build configuration list for PBXProject "TwentyFourtyEight" */;
			compatibilityVersion = "Xcode 3.2";
			developmentRegion = English;
			hasScannedForEncodings = 0;
			knownRegions = (
				en,
			);
			mainGroup = 3D2EFC7D18E8C17D007D4A5E;
			productRefGroup = 3D2EFC8718E8C17D007D4A5E /* Products */;
			projectDirPath = "";
			projectRoot = "";
			targets = (
				3D2EFC8518E8C17D007D4A5E /* TwentyFourtyEight */,
				3D2EFCA018E8C17E007D4A5E /* TwentyFourtyEightTests */,
			);
		};
/* End PBXProject section */

/* Begin PBXResourcesBuildPhase section */
		3D2EFC8418E8C17D007D4A5E /* Resources */ = {
			isa = PBXResourcesBuildPhase;
			buildActionMask = 2147483647;
			files = (
				3D2EFC9418E8C17E007D4A5E /* InfoPlist.strings in Resources */,
				3D2EFC9C18E8C17E007D4A5E /* Images.xcassets in Resources */,
			);
			runOnlyForDeploymentPostprocessing = 0;
		};
		3D2EFC9F18E8C17E007D4A5E /* Resources */ = {
			isa = PBXResourcesBuildPhase;
			buildActionMask = 2147483647;
			files = (
				3D2EFCAD18E8C17E007D4A5E /* InfoPlist.strings in Resources */,
			);
			runOnlyForDeploymentPostprocessing = 0;
		};
/* End PBXResourcesBuildPhase section */

/* Begin PBXSourcesBuildPhase section */
		3D2EFC8218E8C17D007D4A5E /* Sources */ = {
			isa = PBXSourcesBuildPhase;
			buildActionMask = 2147483647;
			files = (
				3D2EFC9618E8C17E007D4A5E /* main.m in Sources */,
				3D2EFC9A18E8C17E007D4A5E /* K2AppDelegate.m in Sources */,
			);
			runOnlyForDeploymentPostprocessing = 0;
		};
		3D2EFC9D18E8C17E007D4A5E /* Sources */ = {
			isa = PBXSourcesBuildPhase;
			buildActionMask = 2147483647;
			files = (
				3D2EFCAF18E8C17E007D4A5E /* TwentyFourtyEightTests.m in Sources */,
			);
			runOnlyForDeploymentPostprocessing = 0;
		};
/* End PBXSourcesBuildPhase section */

/* Begin PBXTargetDependency section */
		3D2EFCA718E8C17E007D4A5E /* PBXTargetDependency */ = {
			isa = PBXTargetDependency;
			target = 3D2EFC8518E8C17D007D4A5E /* TwentyFourtyEight */;
			targetProxy = 3D2EFCA618E8C17E007D4A5E /* PBXContainerItemProxy */;
		};
/* End PBXTargetDependency section */

/* Begin PBXVariantGroup section */
		3D2EFC9218E8C17E007D4A5E /* InfoPlist.strings */ = {
			isa = PBXVariantGroup;
			children = (
				3D2EFC9318E8C17E007D4A5E /* en */,
			);
			name = InfoPlist.strings;
			sourceTree = "<group>";
		};
		3D2EFCAB18E8C17E007D4A5E /* InfoPlist.strings */ = {
			isa = PBXVariantGroup;
			children = (
				3D2EFCAC18E8C17E007D4A5E /* en */,
			);
			name = InfoPlist.strings;
			sourceTree = "<group>";
		};
/* End PBXVariantGroup section */

/* Begin XCBuildConfiguration section */
		3D2EFCB018E8C17E007D4A5E /* Debug */ = {
			isa = XCBuildConfiguration;
			buildSettings = {
				ALWAYS_SEARCH_USER_PATHS = NO;
				CLANG_CXX_LANGUAGE_STANDARD = "gnu++0x";
				CLANG_CXX_LIBRARY = "libc++";
				CLANG_ENABLE_MODULES = YES;
				CLANG_ENABLE_OBJC_ARC = YES;
				CLANG_WARN_BOOL_CONVERSION = YES;
				CLANG_WARN_CONSTANT_CONVERSION = YES;
				CLANG_WARN_DIRECT_OBJC_ISA_USAGE = YES_ERROR;
				CLANG_WARN_EMPTY_BODY = YES;
				CLANG_WARN_ENUM_CONVERSION = YES;
				CLANG_WARN_INT_CONVERSION = YES;
				CLANG_WARN_OBJC_ROOT_CLASS = YES_ERROR;
				CLANG_WARN__DUPLICATE_METHOD_MATCH = YES;
				"CODE_SIGN_IDENTITY[sdk=iphoneos*]" = "iPhone Developer";
				COPY_PHASE_STRIP = NO;
				GCC_C_LANGUAGE_STANDARD = gnu99;
				GCC_DYNAMIC_NO_PIC = NO;
				GCC_OPTIMIZATION_LEVEL = 0;
				GCC_PREPROCESSOR_DEFINITIONS = (
					"DEBUG=1",
					"$(inherited)",
				);
				GCC_SYMBOLS_PRIVATE_EXTERN = NO;
				GCC_WARN_64_TO_32_BIT_CONVERSION = YES;
				GCC_WARN_ABOUT_RETURN_TYPE = YES_ERROR;
				GCC_WARN_UNDECLARED_SELECTOR = YES;
				GCC_WARN_UNINITIALIZED_AUTOS = YES_AGGRESSIVE;
				GCC_WARN_UNUSED_FUNCTION = YES;
				GCC_WARN_UNUSED_VARIABLE = YES;
				IPHONEOS_DEPLOYMENT_TARGET = 7.1;
				ONLY_ACTIVE_ARCH = YES;
				SDKROOT = iphoneos;
				TARGETED_DEVICE_FAMILY = "1,2";
			};
			name = Debug;
		};
		3D2EFCB118E8C17E007D4A5E /* Release */ = {
			isa = XCBuildConfiguration;
			buildSettings = {
				ALWAYS_SEARCH_USER_PATHS = NO;
				CLANG_CXX_LANGUAGE_STANDARD = "gnu++0x";
				CLANG_CXX_LIBRARY = "libc++";
				CLANG_ENABLE_MODULES = YES;
				CLANG_ENABLE_OBJC_ARC = YES;
				CLANG_WARN_BOOL_CONVERSION = YES;
				CLANG_WARN_CONSTANT_CONVERSION = YES;
				CLANG_WARN_DIRECT_OBJC_ISA_USAGE = YES_ERROR;
				CLANG_WARN_EMPTY_BODY = YES;
				CLANG_WARN_ENUM_CONVERSION = YES;
				CLANG_WARN_INT_CONVERSION = YES;
				CLANG_WARN_OBJC_ROOT_CLASS = YES_ERROR;
				CLANG_WARN__DUPLICATE_METHOD_MATCH = YES;
				"CODE_SIGN_IDENTITY[sdk=iphoneos*]" = "iPhone Developer";
				COPY_PHASE_STRIP = YES;
				ENABLE_NS_ASSERTIONS = NO;
				GCC_C_LANGUAGE_STANDARD = gnu99;
				GCC_WARN_64_TO_32_BIT_CONVERSION = YES;
				GCC_WARN_ABOUT_RETURN_TYPE = YES_ERROR;
				GCC_WARN_UNDECLARED_SELECTOR = YES;
				GCC_WARN_UNINITIALIZED_AUTOS = YES_AGGRESSIVE;
				GCC_WARN_UNUSED_FUNCTION = YES;
				GCC_WARN_UNUSED_VARIABLE = YES;
				IPHONEOS_DEPLOYMENT_TARGET = 7.1;
				SDKROOT = iphoneos;
				TARGETED_DEVICE_FAMILY = "1,2";
				VALIDATE_PRODUCT = YES;
			};
			name = Release;
		};
		3D2EFCB318E8C17E007D4A5E /* Debug */ = {
			isa = XCBuildConfiguration;
			buildSettings = {
				ASSETCATALOG_COMPILER_APPICON_NAME = AppIcon;
				ASSETCATALOG_COMPILER_LAUNCHIMAGE_NAME = LaunchImage;
				GCC_PRECOMPILE_PREFIX_HEADER = YES;
				GCC_PREFIX_HEADER = "TwentyFourtyEight/TwentyFourtyEight-Prefix.pch";
				INFOPLIST_FILE = "TwentyFourtyEight/TwentyFourtyEight-Info.plist";
				PRODUCT_NAME = "$(TARGET_NAME)";
				WRAPPER_EXTENSION = app;
			};
			name = Debug;
		};
		3D2EFCB418E8C17E007D4A5E /* Release */ = {
			isa = XCBuildConfiguration;
			buildSettings = {
				ASSETCATALOG_COMPILER_APPICON_NAME = AppIcon;
				ASSETCATALOG_COMPILER_LAUNCHIMAGE_NAME = LaunchImage;
				GCC_PRECOMPILE_PREFIX_HEADER = YES;
				GCC_PREFIX_HEADER = "TwentyFourtyEight/TwentyFourtyEight-Prefix.pch";
				INFOPLIST_FILE = "TwentyFourtyEight/TwentyFourtyEight-Info.plist";
				PRODUCT_NAME = "$(TARGET_NAME)";
				WRAPPER_EXTENSION = app;
			};
			name = Release;
		};
		3D2EFCB618E8C17E007D4A5E /* Debug */ = {
			isa = XCBuildConfiguration;
			buildSettings = {
				BUNDLE_LOADER = "$(BUILT_PRODUCTS_DIR)/TwentyFourtyEight.app/TwentyFourtyEight";
				FRAMEWORK_SEARCH_PATHS = (
					"$(SDKROOT)/Developer/Library/Frameworks",
					"$(inherited)",
					"$(DEVELOPER_FRAMEWORKS_DIR)",
				);
				GCC_PRECOMPILE_PREFIX_HEADER = YES;
				GCC_PREFIX_HEADER = "TwentyFourtyEight/TwentyFourtyEight-Prefix.pch";
				GCC_PREPROCESSOR_DEFINITIONS = (
					"DEBUG=1",
					"$(inherited)",
				);
				INFOPLIST_FILE = "TwentyFourtyEightTests/TwentyFourtyEightTests-Info.plist";
				PRODUCT_NAME = "$(TARGET_NAME)";
				TEST_HOST = "$(BUNDLE_LOADER)";
				WRAPPER_EXTENSION = xctest;
			};
			name = Debug;
		};
		3D2EFCB718E8C17E007D4A5E /* Release */ = {
			isa = XCBuildConfiguration;
			buildSettings = {
				BUNDLE_LOADER = "$(BUILT_PRODUCTS_DIR)/TwentyFourtyEight.app/TwentyFourtyEight";
				FRAMEWORK_SEARCH_PATHS = (
					"$(SDKROOT)/Developer/Library/Frameworks",
					"$(inherited)",
					"$(DEVELOPER_FRAMEWORKS_DIR)",
				);
				GCC_PRECOMPILE_PREFIX_HEADER = YES;
				GCC_PREFIX_HEADER = "TwentyFourtyEight/TwentyFourtyEight-Prefix.pch";
				INFOPLIST_FILE = "TwentyFourtyEightTests/TwentyFourtyEightTests-Info.plist";
				PRODUCT_NAME = "$(TARGET_NAME)";
				TEST_HOST = "$(BUNDLE_LOADER)";
				WRAPPER_EXTENSION = xctest;
			};
			name = Release;
		};
/* End XCBuildConfiguration section */

/* Begin XCConfigurationList section */
		3D2EFC8118E8C17D007D4A5E /* Build configuration list for PBXProject "TwentyFourtyEight" */ = {
			isa = XCConfigurationList;
			buildConfigurations = (
				3D2EFCB018E8C17E007D4A5E /* Debug */,
				3D2EFCB118E8C17E007D4A5E /* Release */,
			);
			defaultConfigurationIsVisible = 0;
			defaultConfigurationName = Release;
		};
		3D2EFCB218E8C17E007D4A5E /* Build configuration list for PBXNativeTarget "TwentyFourtyEight" */ = {
			isa = XCConfigurationList;
			buildConfigurations = (
				3D2EFCB318E8C17E007D4A5E /* Debug */,
				3D2EFCB418E8C17E007D4A5E /* Release */,
			);
			defaultConfigurationIsVisible = 0;
		};
		3D2EFCB518E8C17E007D4A5E /* Build configuration list for PBXNativeTarget "TwentyFourtyEightTests" */ = {
			isa = XCConfigurationList;
			buildConfigurations = (
				3D2EFCB618E8C17E007D4A5E /* Debug */,
				3D2EFCB718E8C17E007D4A5E /* Release */,
			);
			defaultConfigurationIsVisible = 0;
		};
/* End XCConfigurationList section */
	};
	rootObject = 3D2EFC7E18E8C17D007D4A5E /* Project object */;
}
